
Microsoft Visual Studio Solution File, Format Version 12.00
# Visual Studio 15
Project("{FAE04EC0-301F-11D3-BF4B-00C04F79EFBC}") = "UnityEngine.UI", "UnityEngine.UI.csproj", "{948839B6-FCF0-F1B1-9DB6-68D56326802E}"
EndProject
Project("{FAE04EC0-301F-11D3-BF4B-00C04F79EFBC}") = "UnityEngine.TestRunner", "UnityEngine.TestRunner.csproj", "{7B9FE19E-B4A9-87D1-6AC0-F2D8E66DD377}"
EndProject
Project("{FAE04EC0-301F-11D3-BF4B-00C04F79EFBC}") = "Unity.Timeline", "Unity.Timeline.csproj", "{90397CA2-2AB6-A49A-4FCE-48AAA6CF218D}"
EndProject
Project("{FAE04EC0-301F-11D3-BF4B-00C04F79EFBC}") = "Unity.TextMeshPro", "Unity.TextMeshPro.csproj", "{30E99F1E-B38C-A6CE-5138-F48E3F0F9959}"
EndProject
Project("{FAE04EC0-301F-11D3-BF4B-00C04F79EFBC}") = "Assembly-CSharp", "Assembly-CSharp.csproj", "{EC4A887F-99C2-8687-729C-518640889395}"
EndProject
Project("{FAE04EC0-301F-11D3-BF4B-00C04F79EFBC}") = "UnityEditor.TestRunner", "UnityEditor.TestRunner.csproj", "{FAB64037-D8EB-B626-DC46-6CF32C742D62}"
EndProject
Project("{FAE04EC0-301F-11D3-BF4B-00C04F79EFBC}") = "Unity.PlasticSCM.Editor", "Unity.PlasticSCM.Editor.csproj", "{B3C06B80-8736-52E8-1A1E-5EB6E765AE1E}"
EndProject
Project("{FAE04EC0-301F-11D3-BF4B-00C04F79EFBC}") = "UnityEditor.UI", "UnityEditor.UI.csproj", "{AE26952D-E355-5B74-DDA2-405CC613B15B}"
EndProject
Project("{FAE04EC0-301F-11D3-BF4B-00C04F79EFBC}") = "Unity.Services.Core.Editor", "Unity.Services.Core.Editor.csproj", "{4617899D-FF28-1BBA-1B17-C39012556377}"
EndProject
Project("{FAE04EC0-301F-11D3-BF4B-00C04F79EFBC}") = "Unity.Timeline.Editor", "Unity.Timeline.Editor.csproj", "{8A309F37-4AA2-356A-F351-77D07AF1C19C}"
EndProject
Project("{FAE04EC0-301F-11D3-BF4B-00C04F79EFBC}") = "Unity.VisualStudio.Editor", "Unity.VisualStudio.Editor.csproj", "{97098DCD-75FF-E10E-917B-7FBDF35B0B34}"
EndProject
Project("{FAE04EC0-301F-11D3-BF4B-00C04F79EFBC}") = "Unity.TextMeshPro.Editor", "Unity.TextMeshPro.Editor.csproj", "{F6A8AFE8-5781-9747-C572-5696561889EF}"
EndProject
Project("{FAE04EC0-301F-11D3-BF4B-00C04F79EFBC}") = "Unity.CollabProxy.Editor", "Unity.CollabProxy.Editor.csproj", "{678E3D83-8C58-C387-11B9-BC78B844BCA9}"
EndProject
Project("{FAE04EC0-301F-11D3-BF4B-00C04F79EFBC}") = "Unity.Rider.Editor", "Unity.Rider.Editor.csproj", "{F4A20C24-1421-8193-E5FC-3BD0DDBED138}"
EndProject
Project("{FAE04EC0-301F-11D3-BF4B-00C04F79EFBC}") = "Unity.VSCode.Editor", "Unity.VSCode.Editor.csproj", "{C6ED9791-9A2D-F485-9CB9-738964DBC369}"
EndProject
Project("{FAE04EC0-301F-11D3-BF4B-00C04F79EFBC}") = "UnityEngine.UI", "UnityEngine.UI.Player.csproj", "{D0EDE99E-D8CE-DE01-7289-14790CD401A3}"
EndProject
Project("{FAE04EC0-301F-11D3-BF4B-00C04F79EFBC}") = "UnityEngine.TestRunner", "UnityEngine.TestRunner.Player.csproj", "{32E357BA-0792-2272-E6D0-7E9A66328C1A}"
EndProject
Project("{FAE04EC0-301F-11D3-BF4B-00C04F79EFBC}") = "Unity.Timeline", "Unity.Timeline.Player.csproj", "{0E317DBD-FB1E-E41F-AF6E-49EBAEFA7353}"
EndProject
Project("{FAE04EC0-301F-11D3-BF4B-00C04F79EFBC}") = "Unity.TextMeshPro", "Unity.TextMeshPro.Player.csproj", "{041AF6E9-5BA0-CA40-BDC0-CDA4D205AEBA}"
EndProject
Project("{FAE04EC0-301F-11D3-BF4B-00C04F79EFBC}") = "Assembly-CSharp", "Assembly-CSharp.Player.csproj", "{D8031678-FDA9-88D0-6521-39378680B307}"
EndProject
Global
	GlobalSection(SolutionConfigurationPlatforms) = preSolution
		Debug|Any CPU = Debug|Any CPU
		Release|Any CPU = Release|Any CPU
	EndGlobalSection
	GlobalSection(ProjectConfigurationPlatforms) = postSolution
		{948839B6-FCF0-F1B1-9DB6-68D56326802E}.Debug|Any CPU.ActiveCfg = Debug|Any CPU
		{948839B6-FCF0-F1B1-9DB6-68D56326802E}.Debug|Any CPU.Build.0 = Debug|Any CPU
		{948839B6-FCF0-F1B1-9DB6-68D56326802E}.Release|Any CPU.ActiveCfg = Release|Any CPU
		{948839B6-FCF0-F1B1-9DB6-68D56326802E}.Release|Any CPU.Build.0 = Release|Any CPU
		{7B9FE19E-B4A9-87D1-6AC0-F2D8E66DD377}.Debug|Any CPU.ActiveCfg = Debug|Any CPU
		{7B9FE19E-B4A9-87D1-6AC0-F2D8E66DD377}.Debug|Any CPU.Build.0 = Debug|Any CPU
		{7B9FE19E-B4A9-87D1-6AC0-F2D8E66DD377}.Release|Any CPU.ActiveCfg = Release|Any CPU
		{7B9FE19E-B4A9-87D1-6AC0-F2D8E66DD377}.Release|Any CPU.Build.0 = Release|Any CPU
		{90397CA2-2AB6-A49A-4FCE-48AAA6CF218D}.Debug|Any CPU.ActiveCfg = Debug|Any CPU
		{90397CA2-2AB6-A49A-4FCE-48AAA6CF218D}.Debug|Any CPU.Build.0 = Debug|Any CPU
		{90397CA2-2AB6-A49A-4FCE-48AAA6CF218D}.Release|Any CPU.ActiveCfg = Release|Any CPU
		{90397CA2-2AB6-A49A-4FCE-48AAA6CF218D}.Release|Any CPU.Build.0 = Release|Any CPU
		{30E99F1E-B38C-A6CE-5138-F48E3F0F9959}.Debug|Any CPU.ActiveCfg = Debug|Any CPU
		{30E99F1E-B38C-A6CE-5138-F48E3F0F9959}.Debug|Any CPU.Build.0 = Debug|Any CPU
		{30E99F1E-B38C-A6CE-5138-F48E3F0F9959}.Release|Any CPU.ActiveCfg = Release|Any CPU
		{30E99F1E-B38C-A6CE-5138-F48E3F0F9959}.Release|Any CPU.Build.0 = Release|Any CPU
		{EC4A887F-99C2-8687-729C-518640889395}.Debug|Any CPU.ActiveCfg = Debug|Any CPU
		{EC4A887F-99C2-8687-729C-518640889395}.Debug|Any CPU.Build.0 = Debug|Any CPU
		{EC4A887F-99C2-8687-729C-518640889395}.Release|Any CPU.ActiveCfg = Release|Any CPU
		{EC4A887F-99C2-8687-729C-518640889395}.Release|Any CPU.Build.0 = Release|Any CPU
		{FAB64037-D8EB-B626-DC46-6CF32C742D62}.Debug|Any CPU.ActiveCfg = Debug|Any CPU
		{FAB64037-D8EB-B626-DC46-6CF32C742D62}.Debug|Any CPU.Build.0 = Debug|Any CPU
		{FAB64037-D8EB-B626-DC46-6CF32C742D62}.Release|Any CPU.ActiveCfg = Release|Any CPU
		{FAB64037-D8EB-B626-DC46-6CF32C742D62}.Release|Any CPU.Build.0 = Release|Any CPU
		{B3C06B80-8736-52E8-1A1E-5EB6E765AE1E}.Debug|Any CPU.ActiveCfg = Debug|Any CPU
		{B3C06B80-8736-52E8-1A1E-5EB6E765AE1E}.Debug|Any CPU.Build.0 = Debug|Any CPU
		{B3C06B80-8736-52E8-1A1E-5EB6E765AE1E}.Release|Any CPU.ActiveCfg = Release|Any CPU
		{B3C06B80-8736-52E8-1A1E-5EB6E765AE1E}.Release|Any CPU.Build.0 = Release|Any CPU
		{AE26952D-E355-5B74-DDA2-405CC613B15B}.Debug|Any CPU.ActiveCfg = Debug|Any CPU
		{AE26952D-E355-5B74-DDA2-405CC613B15B}.Debug|Any CPU.Build.0 = Debug|Any CPU
		{AE26952D-E355-5B74-DDA2-405CC613B15B}.Release|Any CPU.ActiveCfg = Release|Any CPU
		{AE26952D-E355-5B74-DDA2-405CC613B15B}.Release|Any CPU.Build.0 = Release|Any CPU
		{4617899D-FF28-1BBA-1B17-C39012556377}.Debug|Any CPU.ActiveCfg = Debug|Any CPU
		{4617899D-FF28-1BBA-1B17-C39012556377}.Debug|Any CPU.Build.0 = Debug|Any CPU
		{4617899D-FF28-1BBA-1B17-C39012556377}.Release|Any CPU.ActiveCfg = Release|Any CPU
		{4617899D-FF28-1BBA-1B17-C39012556377}.Release|Any CPU.Build.0 = Release|Any CPU
		{8A309F37-4AA2-356A-F351-77D07AF1C19C}.Debug|Any CPU.ActiveCfg = Debug|Any CPU
		{8A309F37-4AA2-356A-F351-77D07AF1C19C}.Debug|Any CPU.Build.0 = Debug|Any CPU
		{8A309F37-4AA2-356A-F351-77D07AF1C19C}.Release|Any CPU.ActiveCfg = Release|Any CPU
		{8A309F37-4AA2-356A-F351-77D07AF1C19C}.Release|Any CPU.Build.0 = Release|Any CPU
		{97098DCD-75FF-E10E-917B-7FBDF35B0B34}.Debug|Any CPU.ActiveCfg = Debug|Any CPU
		{97098DCD-75FF-E10E-917B-7FBDF35B0B34}.Debug|Any CPU.Build.0 = Debug|Any CPU
		{97098DCD-75FF-E10E-917B-7FBDF35B0B34}.Release|Any CPU.ActiveCfg = Release|Any CPU
		{97098DCD-75FF-E10E-917B-7FBDF35B0B34}.Release|Any CPU.Build.0 = Release|Any CPU
		{F6A8AFE8-5781-9747-C572-5696561889EF}.Debug|Any CPU.ActiveCfg = Debug|Any CPU
		{F6A8AFE8-5781-9747-C572-5696561889EF}.Debug|Any CPU.Build.0 = Debug|Any CPU
		{F6A8AFE8-5781-9747-C572-5696561889EF}.Release|Any CPU.ActiveCfg = Release|Any CPU
		{F6A8AFE8-5781-9747-C572-5696561889EF}.Release|Any CPU.Build.0 = Release|Any CPU
		{678E3D83-8C58-C387-11B9-BC78B844BCA9}.Debug|Any CPU.ActiveCfg = Debug|Any CPU
		{678E3D83-8C58-C387-11B9-BC78B844BCA9}.Debug|Any CPU.Build.0 = Debug|Any CPU
		{678E3D83-8C58-C387-11B9-BC78B844BCA9}.Release|Any CPU.ActiveCfg = Release|Any CPU
		{678E3D83-8C58-C387-11B9-BC78B844BCA9}.Release|Any CPU.Build.0 = Release|Any CPU
		{F4A20C24-1421-8193-E5FC-3BD0DDBED138}.Debug|Any CPU.ActiveCfg = Debug|Any CPU
		{F4A20C24-1421-8193-E5FC-3BD0DDBED138}.Debug|Any CPU.Build.0 = Debug|Any CPU
		{F4A20C24-1421-8193-E5FC-3BD0DDBED138}.Release|Any CPU.ActiveCfg = Release|Any CPU
		{F4A20C24-1421-8193-E5FC-3BD0DDBED138}.Release|Any CPU.Build.0 = Release|Any CPU
		{C6ED9791-9A2D-F485-9CB9-738964DBC369}.Debug|Any CPU.ActiveCfg = Debug|Any CPU
		{C6ED9791-9A2D-F485-9CB9-738964DBC369}.Debug|Any CPU.Build.0 = Debug|Any CPU
		{C6ED9791-9A2D-F485-9CB9-738964DBC369}.Release|Any CPU.ActiveCfg = Release|Any CPU
		{C6ED9791-9A2D-F485-9CB9-738964DBC369}.Release|Any CPU.Build.0 = Release|Any CPU
		{D0EDE99E-D8CE-DE01-7289-14790CD401A3}.Debug|Any CPU.ActiveCfg = Debug|Any CPU
		{D0EDE99E-D8CE-DE01-7289-14790CD401A3}.Debug|Any CPU.Build.0 = Debug|Any CPU
		{D0EDE99E-D8CE-DE01-7289-14790CD401A3}.Release|Any CPU.ActiveCfg = Release|Any CPU
		{D0EDE99E-D8CE-DE01-7289-14790CD401A3}.Release|Any CPU.Build.0 = Release|Any CPU
		{32E357BA-0792-2272-E6D0-7E9A66328C1A}.Debug|Any CPU.ActiveCfg = Debug|Any CPU
		{32E357BA-0792-2272-E6D0-7E9A66328C1A}.Debug|Any CPU.Build.0 = Debug|Any CPU
		{32E357BA-0792-2272-E6D0-7E9A66328C1A}.Release|Any CPU.ActiveCfg = Release|Any CPU
		{32E357BA-0792-2272-E6D0-7E9A66328C1A}.Release|Any CPU.Build.0 = Release|Any CPU
		{0E317DBD-FB1E-E41F-AF6E-49EBAEFA7353}.Debug|Any CPU.ActiveCfg = Debug|Any CPU
		{0E317DBD-FB1E-E41F-AF6E-49EBAEFA7353}.Debug|Any CPU.Build.0 = Debug|Any CPU
		{0E317DBD-FB1E-E41F-AF6E-49EBAEFA7353}.Release|Any CPU.ActiveCfg = Release|Any CPU
		{0E317DBD-FB1E-E41F-AF6E-49EBAEFA7353}.Release|Any CPU.Build.0 = Release|Any CPU
		{041AF6E9-5BA0-CA40-BDC0-CDA4D205AEBA}.Debug|Any CPU.ActiveCfg = Debug|Any CPU
		{041AF6E9-5BA0-CA40-BDC0-CDA4D205AEBA}.Debug|Any CPU.Build.0 = Debug|Any CPU
		{041AF6E9-5BA0-CA40-BDC0-CDA4D205AEBA}.Release|Any CPU.ActiveCfg = Release|Any CPU
		{041AF6E9-5BA0-CA40-BDC0-CDA4D205AEBA}.Release|Any CPU.Build.0 = Release|Any CPU
		{D8031678-FDA9-88D0-6521-39378680B307}.Debug|Any CPU.ActiveCfg = Debug|Any CPU
		{D8031678-FDA9-88D0-6521-39378680B307}.Debug|Any CPU.Build.0 = Debug|Any CPU
		{D8031678-FDA9-88D0-6521-39378680B307}.Release|Any CPU.ActiveCfg = Release|Any CPU
		{D8031678-FDA9-88D0-6521-39378680B307}.Release|Any CPU.Build.0 = Release|Any CPU
	EndGlobalSection
	GlobalSection(SolutionProperties) = preSolution
		HideSolutionNode = FALSE
	EndGlobalSection
EndGlobal
